// !$*UTF8*$!
{
	archiveVersion = 1;
	classes = {
	};
	objectVersion = 46;
	objects = {

/* Begin PBXBuildFile section */
		A79AD9A91ED5542700307BBC /* main.m in Sources */ = {isa = PBXBuildFile; fileRef = A79AD9A81ED5542700307BBC /* main.m */; };
		A79AD9AC1ED5542700307BBC /* AppDelegate.m in Sources */ = {isa = PBXBuildFile; fileRef = A79AD9AB1ED5542700307BBC /* AppDelegate.m */; };
		A79AD9AF1ED5542700307BBC /* ViewController.m in Sources */ = {isa = PBXBuildFile; fileRef = A79AD9AE1ED5542700307BBC /* ViewController.m */; };
		A79AD9B21ED5542700307BBC /* Main.storyboard in Resources */ = {isa = PBXBuildFile; fileRef = A79AD9B01ED5542700307BBC /* Main.storyboard */; };
		A79AD9B41ED5542700307BBC /* Assets.xcassets in Resources */ = {isa = PBXBuildFile; fileRef = A79AD9B31ED5542700307BBC /* Assets.xcassets */; };
		A79AD9B71ED5542700307BBC /* LaunchScreen.storyboard in Resources */ = {isa = PBXBuildFile; fileRef = A79AD9B51ED5542700307BBC /* LaunchScreen.storyboard */; };
		A79AD9C21ED5542700307BBC /* TSImagePodsTests.m in Sources */ = {isa = PBXBuildFile; fileRef = A79AD9C11ED5542700307BBC /* TSImagePodsTests.m */; };
		A79AD9CD1ED5542700307BBC /* TSImagePodsUITests.m in Sources */ = {isa = PBXBuildFile; fileRef = A79AD9CC1ED5542700307BBC /* TSImagePodsUITests.m */; };
/* End PBXBuildFile section */

/* Begin PBXContainerItemProxy section */
		A79AD9BE1ED5542700307BBC /* PBXContainerItemProxy */ = {
			isa = PBXContainerItemProxy;
			containerPortal = A79AD99C1ED5542700307BBC /* Project object */;
			proxyType = 1;
			remoteGlobalIDString = A79AD9A31ED5542700307BBC;
			remoteInfo = TSImagePods;
		};
		A79AD9C91ED5542700307BBC /* PBXContainerItemProxy */ = {
			isa = PBXContainerItemProxy;
			containerPortal = A79AD99C1ED5542700307BBC /* Project object */;
			proxyType = 1;
			remoteGlobalIDString = A79AD9A31ED5542700307BBC;
			remoteInfo = TSImagePods;
		};
/* End PBXContainerItemProxy section */

/* Begin PBXFileReference section */
		A79AD9A41ED5542700307BBC /* TSImagePods.app */ = {isa = PBXFileReference; explicitFileType = wrapper.application; includeInIndex = 0; path = TSImagePods.app; sourceTree = BUILT_PRODUCTS_DIR; };
		A79AD9A81ED5542700307BBC /* main.m */ = {isa = PBXFileReference; lastKnownFileType = sourcecode.c.objc; path = main.m; sourceTree = "<group>"; };
		A79AD9AA1ED5542700307BBC /* AppDelegate.h */ = {isa = PBXFileReference; lastKnownFileType = sourcecode.c.h; path = AppDelegate.h; sourceTree = "<group>"; };
		A79AD9AB1ED5542700307BBC /* AppDelegate.m */ = {isa = PBXFileReference; lastKnownFileType = sourcecode.c.objc; path = AppDelegate.m; sourceTree = "<group>"; };
		A79AD9AD1ED5542700307BBC /* ViewController.h */ = {isa = PBXFileReference; lastKnownFileType = sourcecode.c.h; path = ViewController.h; sourceTree = "<group>"; };
		A79AD9AE1ED5542700307BBC /* ViewController.m */ = {isa = PBXFileReference; lastKnownFileType = sourcecode.c.objc; path = ViewController.m; sourceTree = "<group>"; };
		A79AD9B11ED5542700307BBC /* Base */ = {isa = PBXFileReference; lastKnownFileType = file.storyboard; name = Base; path = Base.lproj/Main.storyboard; sourceTree = "<group>"; };
		A79AD9B31ED5542700307BBC /* Assets.xcassets */ = {isa = PBXFileReference; lastKnownFileType = folder.assetcatalog; path = Assets.xcassets; sourceTree = "<group>"; };
		A79AD9B61ED5542700307BBC /* Base */ = {isa = PBXFileReference; lastKnownFileType = file.storyboard; name = Base; path = Base.lproj/LaunchScreen.storyboard; sourceTree = "<group>"; };
		A79AD9B81ED5542700307BBC /* Info.plist */ = {isa = PBXFileReference; lastKnownFileType = text.plist.xml; path = Info.plist; sourceTree = "<group>"; };
		A79AD9BD1ED5542700307BBC /* TSImagePodsTests.xctest */ = {isa = PBXFileReference; explicitFileType = wrapper.cfbundle; includeInIndex = 0; path = TSImagePodsTests.xctest; sourceTree = BUILT_PRODUCTS_DIR; };
		A79AD9C11ED5542700307BBC /* TSImagePodsTests.m */ = {isa = PBXFileReference; lastKnownFileType = sourcecode.c.objc; path = TSImagePodsTests.m; sourceTree = "<group>"; };
		A79AD9C31ED5542700307BBC /* Info.plist */ = {isa = PBXFileReference; lastKnownFileType = text.plist.xml; path = Info.plist; sourceTree = "<group>"; };
		A79AD9C81ED5542700307BBC /* TSImagePodsUITests.xctest */ = {isa = PBXFileReference; explicitFileType = wrapper.cfbundle; includeInIndex = 0; path = TSImagePodsUITests.xctest; sourceTree = BUILT_PRODUCTS_DIR; };
		A79AD9CC1ED5542700307BBC /* TSImagePodsUITests.m */ = {isa = PBXFileReference; lastKnownFileType = sourcecode.c.objc; path = TSImagePodsUITests.m; sourceTree = "<group>"; };
		A79AD9CE1ED5542700307BBC /* Info.plist */ = {isa = PBXFileReference; lastKnownFileType = text.plist.xml; path = Info.plist; sourceTree = "<group>"; };
/* End PBXFileReference section */

/* Begin PBXFrameworksBuildPhase section */
		A79AD9A11ED5542700307BBC /* Frameworks */ = {
			isa = PBXFrameworksBuildPhase;
			buildActionMask = 2147483647;
			files = (
			);
			runOnlyForDeploymentPostprocessing = 0;
		};
		A79AD9BA1ED5542700307BBC /* Frameworks */ = {
			isa = PBXFrameworksBuildPhase;
			buildActionMask = 2147483647;
			files = (
			);
			runOnlyForDeploymentPostprocessing = 0;
		};
		A79AD9C51ED5542700307BBC /* Frameworks */ = {
			isa = PBXFrameworksBuildPhase;
			buildActionMask = 2147483647;
			files = (
			);
			runOnlyForDeploymentPostprocessing = 0;
		};
/* End PBXFrameworksBuildPhase section */

/* Begin PBXGroup section */
		A79AD99B1ED5542700307BBC = {
			isa = PBXGroup;
			children = (
				A79AD9A61ED5542700307BBC /* TSImagePods */,
				A79AD9C01ED5542700307BBC /* TSImagePodsTests */,
				A79AD9CB1ED5542700307BBC /* TSImagePodsUITests */,
				A79AD9A51ED5542700307BBC /* Products */,
			);
			sourceTree = "<group>";
		};
		A79AD9A51ED5542700307BBC /* Products */ = {
			isa = PBXGroup;
			children = (
				A79AD9A41ED5542700307BBC /* TSImagePods.app */,
				A79AD9BD1ED5542700307BBC /* TSImagePodsTests.xctest */,
				A79AD9C81ED5542700307BBC /* TSImagePodsUITests.xctest */,
			);
			name = Products;
			sourceTree = "<group>";
		};
		A79AD9A61ED5542700307BBC /* TSImagePods */ = {
			isa = PBXGroup;
			children = (
				A79AD9AA1ED5542700307BBC /* AppDelegate.h */,
				A79AD9AB1ED5542700307BBC /* AppDelegate.m */,
				A79AD9AD1ED5542700307BBC /* ViewController.h */,
				A79AD9AE1ED5542700307BBC /* ViewController.m */,
				A79AD9B01ED5542700307BBC /* Main.storyboard */,
				A79AD9B31ED5542700307BBC /* Assets.xcassets */,
				A79AD9B51ED5542700307BBC /* LaunchScreen.storyboard */,
				A79AD9B81ED5542700307BBC /* Info.plist */,
				A79AD9A71ED5542700307BBC /* Supporting Files */,
			);
			path = TSImagePods;
			sourceTree = "<group>";
		};
		A79AD9A71ED5542700307BBC /* Supporting Files */ = {
			isa = PBXGroup;
			children = (
				A79AD9A81ED5542700307BBC /* main.m */,
			);
			name = "Supporting Files";
			sourceTree = "<group>";
		};
		A79AD9C01ED5542700307BBC /* TSImagePodsTests */ = {
			isa = PBXGroup;
			children = (
				A79AD9C11ED5542700307BBC /* TSImagePodsTests.m */,
				A79AD9C31ED5542700307BBC /* Info.plist */,
			);
			path = TSImagePodsTests;
			sourceTree = "<group>";
		};
		A79AD9CB1ED5542700307BBC /* TSImagePodsUITests */ = {
			isa = PBXGroup;
			children = (
				A79AD9CC1ED5542700307BBC /* TSImagePodsUITests.m */,
				A79AD9CE1ED5542700307BBC /* Info.plist */,
			);
			path = TSImagePodsUITests;
			sourceTree = "<group>";
		};
/* End PBXGroup section */

/* Begin PBXNativeTarget section */
		A79AD9A31ED5542700307BBC /* TSImagePods */ = {
			isa = PBXNativeTarget;
			buildConfigurationList = A79AD9D11ED5542700307BBC /* Build configuration list for PBXNativeTarget "TSImagePods" */;
			buildPhases = (
				A79AD9A01ED5542700307BBC /* Sources */,
				A79AD9A11ED5542700307BBC /* Frameworks */,
				A79AD9A21ED5542700307BBC /* Resources */,
			);
			buildRules = (
			);
			dependencies = (
			);
			name = TSImagePods;
			productName = TSImagePods;
			productReference = A79AD9A41ED5542700307BBC /* TSImagePods.app */;
			productType = "com.apple.product-type.application";
		};
		A79AD9BC1ED5542700307BBC /* TSImagePodsTests */ = {
			isa = PBXNativeTarget;
			buildConfigurationList = A79AD9D41ED5542700307BBC /* Build configuration list for PBXNativeTarget "TSImagePodsTests" */;
			buildPhases = (
				A79AD9B91ED5542700307BBC /* Sources */,
				A79AD9BA1ED5542700307BBC /* Frameworks */,
				A79AD9BB1ED5542700307BBC /* Resources */,
			);
			buildRules = (
			);
			dependencies = (
				A79AD9BF1ED5542700307BBC /* PBXTargetDependency */,
			);
			name = TSImagePodsTests;
			productName = TSImagePodsTests;
			productReference = A79AD9BD1ED5542700307BBC /* TSImagePodsTests.xctest */;
			productType = "com.apple.product-type.bundle.unit-test";
		};
		A79AD9C71ED5542700307BBC /* TSImagePodsUITests */ = {
			isa = PBXNativeTarget;
			buildConfigurationList = A79AD9D71ED5542700307BBC /* Build configuration list for PBXNativeTarget "TSImagePodsUITests" */;
			buildPhases = (
				A79AD9C41ED5542700307BBC /* Sources */,
				A79AD9C51ED5542700307BBC /* Frameworks */,
				A79AD9C61ED5542700307BBC /* Resources */,
			);
			buildRules = (
			);
			dependencies = (
				A79AD9CA1ED5542700307BBC /* PBXTargetDependency */,
			);
			name = TSImagePodsUITests;
			productName = TSImagePodsUITests;
			productReference = A79AD9C81ED5542700307BBC /* TSImagePodsUITests.xctest */;
			productType = "com.apple.product-type.bundle.ui-testing";
		};
/* End PBXNativeTarget section */

/* Begin PBXProject section */
		A79AD99C1ED5542700307BBC /* Project object */ = {
			isa = PBXProject;
			attributes = {
				LastUpgradeCheck = 0810;
				ORGANIZATIONNAME = "唐铁山";
				TargetAttributes = {
					A79AD9A31ED5542700307BBC = {
						CreatedOnToolsVersion = 8.1;
						ProvisioningStyle = Automatic;
					};
					A79AD9BC1ED5542700307BBC = {
						CreatedOnToolsVersion = 8.1;
						ProvisioningStyle = Automatic;
						TestTargetID = A79AD9A31ED5542700307BBC;
					};
					A79AD9C71ED5542700307BBC = {
						CreatedOnToolsVersion = 8.1;
						ProvisioningStyle = Automatic;
						TestTargetID = A79AD9A31ED5542700307BBC;
					};
				};
			};
			buildConfigurationList = A79AD99F1ED5542700307BBC /* Build configuration list for PBXProject "TSImagePods" */;
			compatibilityVersion = "Xcode 3.2";
			developmentRegion = English;
			hasScannedForEncodings = 0;
			knownRegions = (
				en,
				Base,
			);
			mainGroup = A79AD99B1ED5542700307BBC;
			productRefGroup = A79AD9A51ED5542700307BBC /* Products */;
			projectDirPath = "";
			projectRoot = "";
			targets = (
				A79AD9A31ED5542700307BBC /* TSImagePods */,
				A79AD9BC1ED5542700307BBC /* TSImagePodsTests */,
				A79AD9C71ED5542700307BBC /* TSImagePodsUITests */,
			);
		};
/* End PBXProject section */

/* Begin PBXResourcesBuildPhase section */
		A79AD9A21ED5542700307BBC /* Resources */ = {
			isa = PBXResourcesBuildPhase;
			buildActionMask = 2147483647;
			files = (
				A79AD9B71ED5542700307BBC /* LaunchScreen.storyboard in Resources */,
				A79AD9B41ED5542700307BBC /* Assets.xcassets in Resources */,
				A79AD9B21ED5542700307BBC /* Main.storyboard in Resources */,
			);
			runOnlyForDeploymentPostprocessing = 0;
		};
		A79AD9BB1ED5542700307BBC /* Resources */ = {
			isa = PBXResourcesBuildPhase;
			buildActionMask = 2147483647;
			files = (
			);
			runOnlyForDeploymentPostprocessing = 0;
		};
		A79AD9C61ED5542700307BBC /* Resources */ = {
			isa = PBXResourcesBuildPhase;
			buildActionMask = 2147483647;
			files = (
			);
			runOnlyForDeploymentPostprocessing = 0;
		};
/* End PBXResourcesBuildPhase section */

/* Begin PBXSourcesBuildPhase section */
		A79AD9A01ED5542700307BBC /* Sources */ = {
			isa = PBXSourcesBuildPhase;
			buildActionMask = 2147483647;
			files = (
				A79AD9AF1ED5542700307BBC /* ViewController.m in Sources */,
				A79AD9AC1ED5542700307BBC /* AppDelegate.m in Sources */,
				A79AD9A91ED5542700307BBC /* main.m in Sources */,
			);
			runOnlyForDeploymentPostprocessing = 0;
		};
		A79AD9B91ED5542700307BBC /* Sources */ = {
			isa = PBXSourcesBuildPhase;
			buildActionMask = 2147483647;
			files = (
				A79AD9C21ED5542700307BBC /* TSImagePodsTests.m in Sources */,
			);
			runOnlyForDeploymentPostprocessing = 0;
		};
		A79AD9C41ED5542700307BBC /* Sources */ = {
			isa = PBXSourcesBuildPhase;
			buildActionMask = 2147483647;
			files = (
				A79AD9CD1ED5542700307BBC /* TSImagePodsUITests.m in Sources */,
			);
			runOnlyForDeploymentPostprocessing = 0;
		};
/* End PBXSourcesBuildPhase section */

/* Begin PBXTargetDependency section */
		A79AD9BF1ED5542700307BBC /* PBXTargetDependency */ = {
			isa = PBXTargetDependency;
			target = A79AD9A31ED5542700307BBC /* TSImagePods */;
			targetProxy = A79AD9BE1ED5542700307BBC /* PBXContainerItemProxy */;
		};
		A79AD9CA1ED5542700307BBC /* PBXTargetDependency */ = {
			isa = PBXTargetDependency;
			target = A79AD9A31ED5542700307BBC /* TSImagePods */;
			targetProxy = A79AD9C91ED5542700307BBC /* PBXContainerItemProxy */;
		};
/* End PBXTargetDependency section */

/* Begin PBXVariantGroup section */
		A79AD9B01ED5542700307BBC /* Main.storyboard */ = {
			isa = PBXVariantGroup;
			children = (
				A79AD9B11ED5542700307BBC /* Base */,
			);
			name = Main.storyboard;
			sourceTree = "<group>";
		};
		A79AD9B51ED5542700307BBC /* LaunchScreen.storyboard */ = {
			isa = PBXVariantGroup;
			children = (
				A79AD9B61ED5542700307BBC /* Base */,
			);
			name = LaunchScreen.storyboard;
			sourceTree = "<group>";
		};
/* End PBXVariantGroup section */

/* Begin XCBuildConfiguration section */
		A79AD9CF1ED5542700307BBC /* Debug */ = {
			isa = XCBuildConfiguration;
			buildSettings = {
				ALWAYS_SEARCH_USER_PATHS = NO;
				CLANG_ANALYZER_NONNULL = YES;
				CLANG_CXX_LANGUAGE_STANDARD = "gnu++0x";
				CLANG_CXX_LIBRARY = "libc++";
				CLANG_ENABLE_MODULES = YES;
				CLANG_ENABLE_OBJC_ARC = YES;
				CLANG_WARN_BOOL_CONVERSION = YES;
				CLANG_WARN_CONSTANT_CONVERSION = YES;
				CLANG_WARN_DIRECT_OBJC_ISA_USAGE = YES_ERROR;
				CLANG_WARN_DOCUMENTATION_COMMENTS = YES;
				CLANG_WARN_EMPTY_BODY = YES;
				CLANG_WARN_ENUM_CONVERSION = YES;
				CLANG_WARN_INFINITE_RECURSION = YES;
				CLANG_WARN_INT_CONVERSION = YES;
				CLANG_WARN_OBJC_ROOT_CLASS = YES_ERROR;
				CLANG_WARN_SUSPICIOUS_MOVES = YES;
				CLANG_WARN_UNREACHABLE_CODE = YES;
				CLANG_WARN__DUPLICATE_METHOD_MATCH = YES;
				"CODE_SIGN_IDENTITY[sdk=iphoneos*]" = "iPhone Developer";
				COPY_PHASE_STRIP = NO;
				DEBUG_INFORMATION_FORMAT = dwarf;
				ENABLE_STRICT_OBJC_MSGSEND = YES;
				ENABLE_TESTABILITY = YES;
				GCC_C_LANGUAGE_STANDARD = gnu99;
				GCC_DYNAMIC_NO_PIC = NO;
				GCC_NO_COMMON_BLOCKS = YES;
				GCC_OPTIMIZATION_LEVEL = 0;
				GCC_PREPROCESSOR_DEFINITIONS = (
					"DEBUG=1",
					"$(inherited)",
				);
				GCC_WARN_64_TO_32_BIT_CONVERSION = YES;
				GCC_WARN_ABOUT_RETURN_TYPE = YES_ERROR;
				GCC_WARN_UNDECLARED_SELECTOR = YES;
				GCC_WARN_UNINITIALIZED_AUTOS = YES_AGGRESSIVE;
				GCC_WARN_UNUSED_FUNCTION = YES;
				GCC_WARN_UNUSED_VARIABLE = YES;
				IPHONEOS_DEPLOYMENT_TARGET = 10.1;
				MTL_ENABLE_DEBUG_INFO = YES;
				ONLY_ACTIVE_ARCH = YES;
				SDKROOT = iphoneos;
				TARGETED_DEVICE_FAMILY = "1,2";
			};
			name = Debug;
		};
		A79AD9D01ED5542700307BBC /* Release */ = {
			isa = XCBuildConfiguration;
			buildSettings = {
				ALWAYS_SEARCH_USER_PATHS = NO;
				CLANG_ANALYZER_NONNULL = YES;
				CLANG_CXX_LANGUAGE_STANDARD = "gnu++0x";
				CLANG_CXX_LIBRARY = "libc++";
				CLANG_ENABLE_MODULES = YES;
				CLANG_ENABLE_OBJC_ARC = YES;
				CLANG_WARN_BOOL_CONVERSION = YES;
				CLANG_WARN_CONSTANT_CONVERSION = YES;
				CLANG_WARN_DIRECT_OBJC_ISA_USAGE = YES_ERROR;
				CLANG_WARN_DOCUMENTATION_COMMENTS = YES;
				CLANG_WARN_EMPTY_BODY = YES;
				CLANG_WARN_ENUM_CONVERSION = YES;
				CLANG_WARN_INFINITE_RECURSION = YES;
				CLANG_WARN_INT_CONVERSION = YES;
				CLANG_WARN_OBJC_ROOT_CLASS = YES_ERROR;
				CLANG_WARN_SUSPICIOUS_MOVES = YES;
				CLANG_WARN_UNREACHABLE_CODE = YES;
				CLANG_WARN__DUPLICATE_METHOD_MATCH = YES;
				"CODE_SIGN_IDENTITY[sdk=iphoneos*]" = "iPhone Developer";
				COPY_PHASE_STRIP = NO;
				DEBUG_INFORMATION_FORMAT = "dwarf-with-dsym";
				ENABLE_NS_ASSERTIONS = NO;
				ENABLE_STRICT_OBJC_MSGSEND = YES;
				GCC_C_LANGUAGE_STANDARD = gnu99;
				GCC_NO_COMMON_BLOCKS = YES;
				GCC_WARN_64_TO_32_BIT_CONVERSION = YES;
				GCC_WARN_ABOUT_RETURN_TYPE = YES_ERROR;
				GCC_WARN_UNDECLARED_SELECTOR = YES;
				GCC_WARN_UNINITIALIZED_AUTOS = YES_AGGRESSIVE;
				GCC_WARN_UNUSED_FUNCTION = YES;
				GCC_WARN_UNUSED_VARIABLE = YES;
				IPHONEOS_DEPLOYMENT_TARGET = 10.1;
				MTL_ENABLE_DEBUG_INFO = NO;
				SDKROOT = iphoneos;
				TARGETED_DEVICE_FAMILY = "1,2";
				VALIDATE_PRODUCT = YES;
			};
			name = Release;
		};
		A79AD9D21ED5542700307BBC /* Debug */ = {
			isa = XCBuildConfiguration;
			buildSettings = {
				ASSETCATALOG_COMPILER_APPICON_NAME = AppIcon;
				INFOPLIST_FILE = TSImagePods/Info.plist;
				LD_RUNPATH_SEARCH_PATHS = "$(inherited) @executable_path/Frameworks";
				PRODUCT_BUNDLE_IDENTIFIER = com.vqw.tts.TSImagePods;
				PRODUCT_NAME = "$(TARGET_NAME)";
			};
			name = Debug;
		};
		A79AD9D31ED5542700307BBC /* Release */ = {
			isa = XCBuildConfiguration;
			buildSettings = {
				ASSETCATALOG_COMPILER_APPICON_NAME = AppIcon;
				INFOPLIST_FILE = TSImagePods/Info.plist;
				LD_RUNPATH_SEARCH_PATHS = "$(inherited) @executable_path/Frameworks";
				PRODUCT_BUNDLE_IDENTIFIER = com.vqw.tts.TSImagePods;
				PRODUCT_NAME = "$(TARGET_NAME)";
			};
			name = Release;
		};
		A79AD9D51ED5542700307BBC /* Debug */ = {
			isa = XCBuildConfiguration;
			buildSettings = {
				BUNDLE_LOADER = "$(TEST_HOST)";
				INFOPLIST_FILE = TSImagePodsTests/Info.plist;
				LD_RUNPATH_SEARCH_PATHS = "$(inherited) @executable_path/Frameworks @loader_path/Frameworks";
				PRODUCT_BUNDLE_IDENTIFIER = com.vqw.tts.TSImagePodsTests;
				PRODUCT_NAME = "$(TARGET_NAME)";
				TEST_HOST = "$(BUILT_PRODUCTS_DIR)/TSImagePods.app/TSImagePods";
			};
			name = Debug;
		};
		A79AD9D61ED5542700307BBC /* Release */ = {
			isa = XCBuildConfiguration;
			buildSettings = {
				BUNDLE_LOADER = "$(TEST_HOST)";
				INFOPLIST_FILE = TSImagePodsTests/Info.plist;
				LD_RUNPATH_SEARCH_PATHS = "$(inherited) @executable_path/Frameworks @loader_path/Frameworks";
				PRODUCT_BUNDLE_IDENTIFIER = com.vqw.tts.TSImagePodsTests;
				PRODUCT_NAME = "$(TARGET_NAME)";
				TEST_HOST = "$(BUILT_PRODUCTS_DIR)/TSImagePods.app/TSImagePods";
			};
			name = Release;
		};
		A79AD9D81ED5542700307BBC /* Debug */ = {
			isa = XCBuildConfiguration;
			buildSettings = {
				INFOPLIST_FILE = TSImagePodsUITests/Info.plist;
				LD_RUNPATH_SEARCH_PATHS = "$(inherited) @executable_path/Frameworks @loader_path/Frameworks";
				PRODUCT_BUNDLE_IDENTIFIER = com.vqw.tts.TSImagePodsUITests;
				PRODUCT_NAME = "$(TARGET_NAME)";
				TEST_TARGET_NAME = TSImagePods;
			};
			name = Debug;
		};
		A79AD9D91ED5542700307BBC /* Release */ = {
			isa = XCBuildConfiguration;
			buildSettings = {
				INFOPLIST_FILE = TSImagePodsUITests/Info.plist;
				LD_RUNPATH_SEARCH_PATHS = "$(inherited) @executable_path/Frameworks @loader_path/Frameworks";
				PRODUCT_BUNDLE_IDENTIFIER = com.vqw.tts.TSImagePodsUITests;
				PRODUCT_NAME = "$(TARGET_NAME)";
				TEST_TARGET_NAME = TSImagePods;
			};
			name = Release;
		};
/* End XCBuildConfiguration section */

/* Begin XCConfigurationList section */
		A79AD99F1ED5542700307BBC /* Build configuration list for PBXProject "TSImagePods" */ = {
			isa = XCConfigurationList;
			buildConfigurations = (
				A79AD9CF1ED5542700307BBC /* Debug */,
				A79AD9D01ED5542700307BBC /* Release */,
			);
			defaultConfigurationIsVisible = 0;
			defaultConfigurationName = Release;
		};
		A79AD9D11ED5542700307BBC /* Build configuration list for PBXNativeTarget "TSImagePods" */ = {
			isa = XCConfigurationList;
			buildConfigurations = (
				A79AD9D21ED5542700307BBC /* Debug */,
				A79AD9D31ED5542700307BBC /* Release */,
			);
			defaultConfigurationIsVisible = 0;
		};
		A79AD9D41ED5542700307BBC /* Build configuration list for PBXNativeTarget "TSImagePodsTests" */ = {
			isa = XCConfigurationList;
			buildConfigurations = (
				A79AD9D51ED5542700307BBC /* Debug */,
				A79AD9D61ED5542700307BBC /* Release */,
			);
			defaultConfigurationIsVisible = 0;
		};
		A79AD9D71ED5542700307BBC /* Build configuration list for PBXNativeTarget "TSImagePodsUITests" */ = {
			isa = XCConfigurationList;
			buildConfigurations = (
				A79AD9D81ED5542700307BBC /* Debug */,
				A79AD9D91ED5542700307BBC /* Release */,
			);
			defaultConfigurationIsVisible = 0;
		};
/* End XCConfigurationList section */
	};
	rootObject = A79AD99C1ED5542700307BBC /* Project object */;
}
